
Microsoft Visual Studio Solution File, Format Version 12.00
# Visual Studio 14
VisualStudioVersion = 14.0.25420.1
MinimumVisualStudioVersion = 10.0.40219.1
Project("{FAE04EC0-301F-11D3-BF4B-00C04F79EFBC}") = "Folderer", "Folderer\Folderer.csproj", "{FC5CD9FD-1EB5-496A-B78B-8E42D462FAEF}"
EndProject
Global
	GlobalSection(SolutionConfigurationPlatforms) = preSolution
		Debug|Any CPU = Debug|Any CPU
		Release|Any CPU = Release|Any CPU
	EndGlobalSection
	GlobalSection(ProjectConfigurationPlatforms) = postSolution
		{FC5CD9FD-1EB5-496A-B78B-8E42D462FAEF}.Debug|Any CPU.ActiveCfg = Debug|Any CPU
		{FC5CD9FD-1EB5-496A-B78B-8E42D462FAEF}.Debug|Any CPU.Build.0 = Debug|Any CPU
		{FC5CD9FD-1EB5-496A-B78B-8E42D462FAEF}.Release|Any CPU.ActiveCfg = Release|Any CPU
		{FC5CD9FD-1EB5-496A-B78B-8E42D462FAEF}.Release|Any CPU.Build.0 = Release|Any CPU
	EndGlobalSection
	GlobalSection(SolutionProperties) = preSolution
		HideSolutionNode = FALSE
	EndGlobalSection
EndGlobal
